// !$*UTF8*$!
{
	archiveVersion = 1;
	classes = {
	};
	objectVersion = 50;
	objects = {

/* Begin PBXBuildFile section */
		8E01D9C722849047000F36FC /* CursorView.swift in Sources */ = {isa = PBXBuildFile; fileRef = 8E01D9C622849047000F36FC /* CursorView.swift */; };
		8E033CEA24AC10A300BE6D6F /* Calibration.swift in Sources */ = {isa = PBXBuildFile; fileRef = 8E033CE924AC10A300BE6D6F /* Calibration.swift */; };
		8E1276DB24D46C2000AC4B8F /* help.org in Resources */ = {isa = PBXBuildFile; fileRef = 8E1276DA24D46C2000AC4B8F /* help.org */; };
		8E1276DD24D46F4200AC4B8F /* help.html in Resources */ = {isa = PBXBuildFile; fileRef = 8E1276DC24D46F4200AC4B8F /* help.html */; };
		8E1276DF24D4734E00AC4B8F /* HelpViewController.swift in Sources */ = {isa = PBXBuildFile; fileRef = 8E1276DE24D4734E00AC4B8F /* HelpViewController.swift */; };
		8E1276E124D4758B00AC4B8F /* WebKit.framework in Frameworks */ = {isa = PBXBuildFile; fileRef = 8E1276E024D4758A00AC4B8F /* WebKit.framework */; };
		8E15013724F2C7CF000CF90E /* Mode.swift in Sources */ = {isa = PBXBuildFile; fileRef = 8E15013624F2C7CF000CF90E /* Mode.swift */; };
		8E1B6CB8240CAE5300EA88A6 /* ScaledView.swift in Sources */ = {isa = PBXBuildFile; fileRef = 8E1B6CB7240CAE5300EA88A6 /* ScaledView.swift */; };
		8E217D98245B306200CD0CBF /* MathTests.swift in Sources */ = {isa = PBXBuildFile; fileRef = 8E217D97245B306200CD0CBF /* MathTests.swift */; };
		8E2439F624B14F770044AEAB /* Interval.swift in Sources */ = {isa = PBXBuildFile; fileRef = 8E2439F524B14F770044AEAB /* Interval.swift */; };
		8E253DD1244A86CB008CC56B /* ViewController+HamburgerTableDelegate.swift in Sources */ = {isa = PBXBuildFile; fileRef = 8E253DD0244A86CB008CC56B /* ViewController+HamburgerTableDelegate.swift */; };
		8E253DD3244A8799008CC56B /* ViewController+UIScrollViewDelegate.swift in Sources */ = {isa = PBXBuildFile; fileRef = 8E253DD2244A8799008CC56B /* ViewController+UIScrollViewDelegate.swift */; };
		8E253DD5244A8B17008CC56B /* Version.swift in Sources */ = {isa = PBXBuildFile; fileRef = 8E253DD4244A8B17008CC56B /* Version.swift */; };
		8E25A9AF22E54F7200D62E18 /* CursorTests.swift in Sources */ = {isa = PBXBuildFile; fileRef = 8E25A9AE22E54F7200D62E18 /* CursorTests.swift */; };
		8E25A9B122E5505200D62E18 /* LadderViewTests.swift in Sources */ = {isa = PBXBuildFile; fileRef = 8E25A9B022E5505200D62E18 /* LadderViewTests.swift */; };
		8E25A9B322E5515D00D62E18 /* LadderTests.swift in Sources */ = {isa = PBXBuildFile; fileRef = 8E25A9B222E5515D00D62E18 /* LadderTests.swift */; };
		8E2BA1D024A3BDD7002D997F /* PreferencesView.swift in Sources */ = {isa = PBXBuildFile; fileRef = 8E2BA1CF24A3BDD7002D997F /* PreferencesView.swift */; };
		8E35924924BE9B27001E23D5 /* DiagramIO.swift in Sources */ = {isa = PBXBuildFile; fileRef = 8E35924824BE9B27001E23D5 /* DiagramIO.swift */; };
		8E3AD1372459CABF0085BDD4 /* LocationInLadder.swift in Sources */ = {isa = PBXBuildFile; fileRef = 8E3AD1362459CABF0085BDD4 /* LocationInLadder.swift */; };
		8E4A52EF24886B16007406F5 /* Diagram.swift in Sources */ = {isa = PBXBuildFile; fileRef = 8E4A52EE24886B16007406F5 /* Diagram.swift */; };
		8E4ACA8024478A6E00575538 /* BlackView.swift in Sources */ = {isa = PBXBuildFile; fileRef = 8E4ACA7F24478A6E00575538 /* BlackView.swift */; };
		8E4ACA8224478D7C00575538 /* HamburgerTableViewController.swift in Sources */ = {isa = PBXBuildFile; fileRef = 8E4ACA8124478D7C00575538 /* HamburgerTableViewController.swift */; };
		8E4ACA842447905E00575538 /* HamburgerCell.swift in Sources */ = {isa = PBXBuildFile; fileRef = 8E4ACA832447905E00575538 /* HamburgerCell.swift */; };
		8E4ACA862447935600575538 /* HamburgerLayer.swift in Sources */ = {isa = PBXBuildFile; fileRef = 8E4ACA852447935600575538 /* HamburgerLayer.swift */; };
		8E4ACA8924479C5200575538 /* HamburgerViewModel.swift in Sources */ = {isa = PBXBuildFile; fileRef = 8E4ACA8824479C5200575538 /* HamburgerViewModel.swift */; };
		8E55612922A5FEDC00C4D391 /* Cursor.swift in Sources */ = {isa = PBXBuildFile; fileRef = 8E55612822A5FEDC00C4D391 /* Cursor.swift */; };
		8E5918BC24AEAB0B00D8ABA3 /* Caliper.swift in Sources */ = {isa = PBXBuildFile; fileRef = 8E5918BB24AEAB0B00D8ABA3 /* Caliper.swift */; };
		8E5918BE24AEAFE100D8ABA3 /* CaliperTests.swift in Sources */ = {isa = PBXBuildFile; fileRef = 8E5918BD24AEAFE100D8ABA3 /* CaliperTests.swift */; };
		8E5D0ABD2464F2CD00FE78A2 /* RegionTests.swift in Sources */ = {isa = PBXBuildFile; fileRef = 8E5D0ABC2464F2CD00FE78A2 /* RegionTests.swift */; };
		8E6570FB24A99B8A001358F6 /* FileTests.swift in Sources */ = {isa = PBXBuildFile; fileRef = 8E6570FA24A99B8A001358F6 /* FileTests.swift */; };
		8E671D5224814BB700784EB7 /* LadderTemplatesEditor.swift in Sources */ = {isa = PBXBuildFile; fileRef = 8E671D5124814BB700784EB7 /* LadderTemplatesEditor.swift */; };
		8E6A0298246DFB3700A10C9F /* LadderEditor.swift in Sources */ = {isa = PBXBuildFile; fileRef = 8E6A0297246DFB3700A10C9F /* LadderEditor.swift */; };
		8E6EB6C02484778E00E5F883 /* Notification+didUndoableAction.swift in Sources */ = {isa = PBXBuildFile; fileRef = 8E6EB6BF2484778E00E5F883 /* Notification+didUndoableAction.swift */; };
		8E6EB6C2248477D500E5F883 /* ViewController+ViewControllerDelegate.swift in Sources */ = {isa = PBXBuildFile; fileRef = 8E6EB6C1248477D500E5F883 /* ViewController+ViewControllerDelegate.swift */; };
		8E7214DE22E95C860062C094 /* Common.swift in Sources */ = {isa = PBXBuildFile; fileRef = 8E7214DD22E95C860062C094 /* Common.swift */; };
		8E7214E022EB57FC0062C094 /* MarkTests.swift in Sources */ = {isa = PBXBuildFile; fileRef = 8E7214DF22EB57FC0062C094 /* MarkTests.swift */; };
		8E74D58E244FBE2500641E0A /* LadderView+UIContextMenuInteractionDelegate.swift in Sources */ = {isa = PBXBuildFile; fileRef = 8E74D58D244FBE2500641E0A /* LadderView+UIContextMenuInteractionDelegate.swift */; };
		8E74D590244FD55E00641E0A /* Logging.swift in Sources */ = {isa = PBXBuildFile; fileRef = 8E74D58F244FD55E00641E0A /* Logging.swift */; };
		8E7CCC29248C1A9C00018D2C /* DiagramSelector.swift in Sources */ = {isa = PBXBuildFile; fileRef = 8E7CCC28248C1A9C00018D2C /* DiagramSelector.swift */; };
		8E7CCC2B248C30A300018D2C /* Preferences.swift in Sources */ = {isa = PBXBuildFile; fileRef = 8E7CCC2A248C30A300018D2C /* Preferences.swift */; };
		8E7D24C322779DBD005A1729 /* AppDelegate.swift in Sources */ = {isa = PBXBuildFile; fileRef = 8E7D24C222779DBD005A1729 /* AppDelegate.swift */; };
		8E7D24C522779DBD005A1729 /* ViewController.swift in Sources */ = {isa = PBXBuildFile; fileRef = 8E7D24C422779DBD005A1729 /* ViewController.swift */; };
		8E7D24C822779DBD005A1729 /* Main.storyboard in Resources */ = {isa = PBXBuildFile; fileRef = 8E7D24C622779DBD005A1729 /* Main.storyboard */; };
		8E7D24CA22779DBF005A1729 /* Assets.xcassets in Resources */ = {isa = PBXBuildFile; fileRef = 8E7D24C922779DBF005A1729 /* Assets.xcassets */; };
		8E7D24CD22779DBF005A1729 /* LaunchScreen.storyboard in Resources */ = {isa = PBXBuildFile; fileRef = 8E7D24CB22779DBF005A1729 /* LaunchScreen.storyboard */; };
		8E7D24E322779DBF005A1729 /* EP_DiagramUITests.swift in Sources */ = {isa = PBXBuildFile; fileRef = 8E7D24E222779DBF005A1729 /* EP_DiagramUITests.swift */; };
		8E7D24F12277A00C005A1729 /* ImageView.swift in Sources */ = {isa = PBXBuildFile; fileRef = 8E7D24F02277A00C005A1729 /* ImageView.swift */; };
		8E8248DD23B53B55001A85F9 /* SeparatorView.swift in Sources */ = {isa = PBXBuildFile; fileRef = 8E8248DC23B53B55001A85F9 /* SeparatorView.swift */; };
		8E856CF224EDC53D0064121F /* CGPoint+clampY.swift in Sources */ = {isa = PBXBuildFile; fileRef = 8E856CF124EDC53D0064121F /* CGPoint+clampY.swift */; };
		8E856CF424EDC5E10064121F /* Segment.swift in Sources */ = {isa = PBXBuildFile; fileRef = 8E856CF324EDC5E10064121F /* Segment.swift */; };
		8E9550BD2474B22000E1B125 /* FileIO.swift in Sources */ = {isa = PBXBuildFile; fileRef = 8E9550BC2474B22000E1B125 /* FileIO.swift */; };
		8E9550BF2474B69900E1B125 /* FileIOTests.swift in Sources */ = {isa = PBXBuildFile; fileRef = 8E9550BE2474B69900E1B125 /* FileIOTests.swift */; };
		8E973F9B24C4BF0800AB41C3 /* String+isBlank.swift in Sources */ = {isa = PBXBuildFile; fileRef = 8E973F9A24C4BF0800AB41C3 /* String+isBlank.swift */; };
		8E973F9D24C4C71E00AB41C3 /* StringTests.swift in Sources */ = {isa = PBXBuildFile; fileRef = 8E973F9C24C4C71E00AB41C3 /* StringTests.swift */; };
		8E973F9F24C4C93000AB41C3 /* DiagramTests.swift in Sources */ = {isa = PBXBuildFile; fileRef = 8E973F9E24C4C93000AB41C3 /* DiagramTests.swift */; };
		8E982F9324EAF8B500E94F71 /* Zone.swift in Sources */ = {isa = PBXBuildFile; fileRef = 8E982F9224EAF8B500E94F71 /* Zone.swift */; };
		8E9A466723005A600037AEAB /* CursorViewTests.swift in Sources */ = {isa = PBXBuildFile; fileRef = 8E9A466623005A600037AEAB /* CursorViewTests.swift */; };
		8E9B8043228345B5008873BB /* Mark.swift in Sources */ = {isa = PBXBuildFile; fileRef = 8E9B8042228345B5008873BB /* Mark.swift */; };
		8E9B8045228347DE008873BB /* Region.swift in Sources */ = {isa = PBXBuildFile; fileRef = 8E9B8044228347DE008873BB /* Region.swift */; };
		8E9B804722834870008873BB /* Ladder.swift in Sources */ = {isa = PBXBuildFile; fileRef = 8E9B804622834870008873BB /* Ladder.swift */; };
		8EA444C02476E471005B5452 /* LadderSelector.swift in Sources */ = {isa = PBXBuildFile; fileRef = 8EA444BF2476E471005B5452 /* LadderSelector.swift */; };
		8EADC2A924D64E1200C5D3D8 /* SampleSelector.swift in Sources */ = {isa = PBXBuildFile; fileRef = 8EADC2A824D64E1200C5D3D8 /* SampleSelector.swift */; };
		8EBC824124E5E04800B5CA29 /* UIImage+emptyImage.swift in Sources */ = {isa = PBXBuildFile; fileRef = 8EBC824024E5E04800B5CA29 /* UIImage+emptyImage.swift */; };
		8EBC824324E6EBA700B5CA29 /* Sounds.swift in Sources */ = {isa = PBXBuildFile; fileRef = 8EBC824224E6EBA700B5CA29 /* Sounds.swift */; };
		8ECA9FB52470A07B0016D939 /* RegionTemplate.swift in Sources */ = {isa = PBXBuildFile; fileRef = 8ECA9FB42470A07B0016D939 /* RegionTemplate.swift */; };
		8ECA9FB72470A1020016D939 /* LadderTemplate.swift in Sources */ = {isa = PBXBuildFile; fileRef = 8ECA9FB62470A1020016D939 /* LadderTemplate.swift */; };
		8ED3B1B62360DA0D00549381 /* Anchor.swift in Sources */ = {isa = PBXBuildFile; fileRef = 8ED3B1B52360DA0D00549381 /* Anchor.swift */; };
		8EE311E624A8FE01003C7AF6 /* AudioToolbox.framework in Frameworks */ = {isa = PBXBuildFile; fileRef = 8EE311E524A8FE01003C7AF6 /* AudioToolbox.framework */; };
		8EF8B5B72330739F00ADB77A /* ViewControllerTests.swift in Sources */ = {isa = PBXBuildFile; fileRef = 8EF8B5B62330739F00ADB77A /* ViewControllerTests.swift */; };
		8EF9166B227926BC00B51F17 /* LadderView.swift in Sources */ = {isa = PBXBuildFile; fileRef = 8EF9166A227926BC00B51F17 /* LadderView.swift */; };
/* End PBXBuildFile section */

/* Begin PBXContainerItemProxy section */
		8E7D24D422779DBF005A1729 /* PBXContainerItemProxy */ = {
			isa = PBXContainerItemProxy;
			containerPortal = 8E7D24B722779DBD005A1729 /* Project object */;
			proxyType = 1;
			remoteGlobalIDString = 8E7D24BE22779DBD005A1729;
			remoteInfo = "EP Diagram";
		};
		8E7D24DF22779DBF005A1729 /* PBXContainerItemProxy */ = {
			isa = PBXContainerItemProxy;
			containerPortal = 8E7D24B722779DBD005A1729 /* Project object */;
			proxyType = 1;
			remoteGlobalIDString = 8E7D24BE22779DBD005A1729;
			remoteInfo = "EP Diagram";
		};
/* End PBXContainerItemProxy section */

/* Begin PBXFileReference section */
		8E01D9C622849047000F36FC /* CursorView.swift */ = {isa = PBXFileReference; lastKnownFileType = sourcecode.swift; path = CursorView.swift; sourceTree = "<group>"; };
		8E033CE924AC10A300BE6D6F /* Calibration.swift */ = {isa = PBXFileReference; lastKnownFileType = sourcecode.swift; path = Calibration.swift; sourceTree = "<group>"; };
		8E1276DA24D46C2000AC4B8F /* help.org */ = {isa = PBXFileReference; lastKnownFileType = text; path = help.org; sourceTree = "<group>"; };
		8E1276DC24D46F4200AC4B8F /* help.html */ = {isa = PBXFileReference; fileEncoding = 4; lastKnownFileType = text.html; path = help.html; sourceTree = "<group>"; };
		8E1276DE24D4734E00AC4B8F /* HelpViewController.swift */ = {isa = PBXFileReference; lastKnownFileType = sourcecode.swift; path = HelpViewController.swift; sourceTree = "<group>"; };
		8E1276E024D4758A00AC4B8F /* WebKit.framework */ = {isa = PBXFileReference; lastKnownFileType = wrapper.framework; name = WebKit.framework; path = Platforms/MacOSX.platform/Developer/SDKs/MacOSX10.15.sdk/System/Library/Frameworks/WebKit.framework; sourceTree = DEVELOPER_DIR; };
		8E15013624F2C7CF000CF90E /* Mode.swift */ = {isa = PBXFileReference; lastKnownFileType = sourcecode.swift; path = Mode.swift; sourceTree = "<group>"; };
		8E1B6CB7240CAE5300EA88A6 /* ScaledView.swift */ = {isa = PBXFileReference; lastKnownFileType = sourcecode.swift; path = ScaledView.swift; sourceTree = "<group>"; };
		8E217D97245B306200CD0CBF /* MathTests.swift */ = {isa = PBXFileReference; lastKnownFileType = sourcecode.swift; path = MathTests.swift; sourceTree = "<group>"; };
		8E2439F524B14F770044AEAB /* Interval.swift */ = {isa = PBXFileReference; lastKnownFileType = sourcecode.swift; path = Interval.swift; sourceTree = "<group>"; };
		8E253DD0244A86CB008CC56B /* ViewController+HamburgerTableDelegate.swift */ = {isa = PBXFileReference; lastKnownFileType = sourcecode.swift; path = "ViewController+HamburgerTableDelegate.swift"; sourceTree = "<group>"; };
		8E253DD2244A8799008CC56B /* ViewController+UIScrollViewDelegate.swift */ = {isa = PBXFileReference; lastKnownFileType = sourcecode.swift; path = "ViewController+UIScrollViewDelegate.swift"; sourceTree = "<group>"; };
		8E253DD4244A8B17008CC56B /* Version.swift */ = {isa = PBXFileReference; lastKnownFileType = sourcecode.swift; path = Version.swift; sourceTree = "<group>"; };
		8E25A9AE22E54F7200D62E18 /* CursorTests.swift */ = {isa = PBXFileReference; lastKnownFileType = sourcecode.swift; path = CursorTests.swift; sourceTree = "<group>"; };
		8E25A9B022E5505200D62E18 /* LadderViewTests.swift */ = {isa = PBXFileReference; lastKnownFileType = sourcecode.swift; path = LadderViewTests.swift; sourceTree = "<group>"; };
		8E25A9B222E5515D00D62E18 /* LadderTests.swift */ = {isa = PBXFileReference; lastKnownFileType = sourcecode.swift; path = LadderTests.swift; sourceTree = "<group>"; };
		8E2BA1CF24A3BDD7002D997F /* PreferencesView.swift */ = {isa = PBXFileReference; lastKnownFileType = sourcecode.swift; path = PreferencesView.swift; sourceTree = "<group>"; };
		8E35924824BE9B27001E23D5 /* DiagramIO.swift */ = {isa = PBXFileReference; lastKnownFileType = sourcecode.swift; path = DiagramIO.swift; sourceTree = "<group>"; };
		8E3AD1362459CABF0085BDD4 /* LocationInLadder.swift */ = {isa = PBXFileReference; lastKnownFileType = sourcecode.swift; path = LocationInLadder.swift; sourceTree = "<group>"; };
		8E4A52EE24886B16007406F5 /* Diagram.swift */ = {isa = PBXFileReference; lastKnownFileType = sourcecode.swift; path = Diagram.swift; sourceTree = "<group>"; };
		8E4ACA7F24478A6E00575538 /* BlackView.swift */ = {isa = PBXFileReference; lastKnownFileType = sourcecode.swift; path = BlackView.swift; sourceTree = "<group>"; };
		8E4ACA8124478D7C00575538 /* HamburgerTableViewController.swift */ = {isa = PBXFileReference; lastKnownFileType = sourcecode.swift; path = HamburgerTableViewController.swift; sourceTree = "<group>"; };
		8E4ACA832447905E00575538 /* HamburgerCell.swift */ = {isa = PBXFileReference; lastKnownFileType = sourcecode.swift; path = HamburgerCell.swift; sourceTree = "<group>"; };
		8E4ACA852447935600575538 /* HamburgerLayer.swift */ = {isa = PBXFileReference; lastKnownFileType = sourcecode.swift; path = HamburgerLayer.swift; sourceTree = "<group>"; };
		8E4ACA8824479C5200575538 /* HamburgerViewModel.swift */ = {isa = PBXFileReference; lastKnownFileType = sourcecode.swift; path = HamburgerViewModel.swift; sourceTree = "<group>"; };
		8E55612822A5FEDC00C4D391 /* Cursor.swift */ = {isa = PBXFileReference; lastKnownFileType = sourcecode.swift; path = Cursor.swift; sourceTree = "<group>"; };
		8E5918BB24AEAB0B00D8ABA3 /* Caliper.swift */ = {isa = PBXFileReference; lastKnownFileType = sourcecode.swift; path = Caliper.swift; sourceTree = "<group>"; };
		8E5918BD24AEAFE100D8ABA3 /* CaliperTests.swift */ = {isa = PBXFileReference; lastKnownFileType = sourcecode.swift; path = CaliperTests.swift; sourceTree = "<group>"; };
		8E5D0ABC2464F2CD00FE78A2 /* RegionTests.swift */ = {isa = PBXFileReference; lastKnownFileType = sourcecode.swift; path = RegionTests.swift; sourceTree = "<group>"; };
		8E6570FA24A99B8A001358F6 /* FileTests.swift */ = {isa = PBXFileReference; lastKnownFileType = sourcecode.swift; path = FileTests.swift; sourceTree = "<group>"; };
		8E671D5124814BB700784EB7 /* LadderTemplatesEditor.swift */ = {isa = PBXFileReference; lastKnownFileType = sourcecode.swift; path = LadderTemplatesEditor.swift; sourceTree = "<group>"; };
		8E689C4F23B498A10042A3F1 /* EP Diagram.entitlements */ = {isa = PBXFileReference; lastKnownFileType = text.plist.entitlements; path = "EP Diagram.entitlements"; sourceTree = "<group>"; };
		8E6A0297246DFB3700A10C9F /* LadderEditor.swift */ = {isa = PBXFileReference; lastKnownFileType = sourcecode.swift; path = LadderEditor.swift; sourceTree = "<group>"; };
		8E6EB6BF2484778E00E5F883 /* Notification+didUndoableAction.swift */ = {isa = PBXFileReference; lastKnownFileType = sourcecode.swift; path = "Notification+didUndoableAction.swift"; sourceTree = "<group>"; };
		8E6EB6C1248477D500E5F883 /* ViewController+ViewControllerDelegate.swift */ = {isa = PBXFileReference; lastKnownFileType = sourcecode.swift; path = "ViewController+ViewControllerDelegate.swift"; sourceTree = "<group>"; };
		8E7214DD22E95C860062C094 /* Common.swift */ = {isa = PBXFileReference; lastKnownFileType = sourcecode.swift; path = Common.swift; sourceTree = "<group>"; };
		8E7214DF22EB57FC0062C094 /* MarkTests.swift */ = {isa = PBXFileReference; lastKnownFileType = sourcecode.swift; path = MarkTests.swift; sourceTree = "<group>"; };
		8E74D58D244FBE2500641E0A /* LadderView+UIContextMenuInteractionDelegate.swift */ = {isa = PBXFileReference; lastKnownFileType = sourcecode.swift; path = "LadderView+UIContextMenuInteractionDelegate.swift"; sourceTree = "<group>"; };
		8E74D58F244FD55E00641E0A /* Logging.swift */ = {isa = PBXFileReference; lastKnownFileType = sourcecode.swift; path = Logging.swift; sourceTree = "<group>"; };
		8E7CCC28248C1A9C00018D2C /* DiagramSelector.swift */ = {isa = PBXFileReference; lastKnownFileType = sourcecode.swift; path = DiagramSelector.swift; sourceTree = "<group>"; };
		8E7CCC2A248C30A300018D2C /* Preferences.swift */ = {isa = PBXFileReference; lastKnownFileType = sourcecode.swift; path = Preferences.swift; sourceTree = "<group>"; };
		8E7D24BF22779DBD005A1729 /* EP Diagram.app */ = {isa = PBXFileReference; explicitFileType = wrapper.application; includeInIndex = 0; path = "EP Diagram.app"; sourceTree = BUILT_PRODUCTS_DIR; };
		8E7D24C222779DBD005A1729 /* AppDelegate.swift */ = {isa = PBXFileReference; lastKnownFileType = sourcecode.swift; path = AppDelegate.swift; sourceTree = "<group>"; };
		8E7D24C422779DBD005A1729 /* ViewController.swift */ = {isa = PBXFileReference; lastKnownFileType = sourcecode.swift; path = ViewController.swift; sourceTree = "<group>"; };
		8E7D24C722779DBD005A1729 /* Base */ = {isa = PBXFileReference; lastKnownFileType = file.storyboard; name = Base; path = Base.lproj/Main.storyboard; sourceTree = "<group>"; };
		8E7D24C922779DBF005A1729 /* Assets.xcassets */ = {isa = PBXFileReference; lastKnownFileType = folder.assetcatalog; path = Assets.xcassets; sourceTree = "<group>"; };
		8E7D24CC22779DBF005A1729 /* Base */ = {isa = PBXFileReference; lastKnownFileType = file.storyboard; name = Base; path = Base.lproj/LaunchScreen.storyboard; sourceTree = "<group>"; };
		8E7D24CE22779DBF005A1729 /* Info.plist */ = {isa = PBXFileReference; lastKnownFileType = text.plist.xml; path = Info.plist; sourceTree = "<group>"; };
		8E7D24D322779DBF005A1729 /* EP DiagramTests.xctest */ = {isa = PBXFileReference; explicitFileType = wrapper.cfbundle; includeInIndex = 0; path = "EP DiagramTests.xctest"; sourceTree = BUILT_PRODUCTS_DIR; };
		8E7D24D922779DBF005A1729 /* Info.plist */ = {isa = PBXFileReference; lastKnownFileType = text.plist.xml; path = Info.plist; sourceTree = "<group>"; };
		8E7D24DE22779DBF005A1729 /* EP DiagramUITests.xctest */ = {isa = PBXFileReference; explicitFileType = wrapper.cfbundle; includeInIndex = 0; path = "EP DiagramUITests.xctest"; sourceTree = BUILT_PRODUCTS_DIR; };
		8E7D24E222779DBF005A1729 /* EP_DiagramUITests.swift */ = {isa = PBXFileReference; lastKnownFileType = sourcecode.swift; path = EP_DiagramUITests.swift; sourceTree = "<group>"; };
		8E7D24E422779DBF005A1729 /* Info.plist */ = {isa = PBXFileReference; lastKnownFileType = text.plist.xml; path = Info.plist; sourceTree = "<group>"; };
		8E7D24F02277A00C005A1729 /* ImageView.swift */ = {isa = PBXFileReference; lastKnownFileType = sourcecode.swift; path = ImageView.swift; sourceTree = "<group>"; };
		8E8248DC23B53B55001A85F9 /* SeparatorView.swift */ = {isa = PBXFileReference; lastKnownFileType = sourcecode.swift; path = SeparatorView.swift; sourceTree = "<group>"; };
		8E856CF124EDC53D0064121F /* CGPoint+clampY.swift */ = {isa = PBXFileReference; lastKnownFileType = sourcecode.swift; path = "CGPoint+clampY.swift"; sourceTree = "<group>"; };
		8E856CF324EDC5E10064121F /* Segment.swift */ = {isa = PBXFileReference; lastKnownFileType = sourcecode.swift; path = Segment.swift; sourceTree = "<group>"; };
		8E9550BC2474B22000E1B125 /* FileIO.swift */ = {isa = PBXFileReference; lastKnownFileType = sourcecode.swift; path = FileIO.swift; sourceTree = "<group>"; };
		8E9550BE2474B69900E1B125 /* FileIOTests.swift */ = {isa = PBXFileReference; lastKnownFileType = sourcecode.swift; path = FileIOTests.swift; sourceTree = "<group>"; };
		8E973F9A24C4BF0800AB41C3 /* String+isBlank.swift */ = {isa = PBXFileReference; lastKnownFileType = sourcecode.swift; path = "String+isBlank.swift"; sourceTree = "<group>"; };
		8E973F9C24C4C71E00AB41C3 /* StringTests.swift */ = {isa = PBXFileReference; lastKnownFileType = sourcecode.swift; path = StringTests.swift; sourceTree = "<group>"; };
		8E973F9E24C4C93000AB41C3 /* DiagramTests.swift */ = {isa = PBXFileReference; lastKnownFileType = sourcecode.swift; path = DiagramTests.swift; sourceTree = "<group>"; };
		8E982F9224EAF8B500E94F71 /* Zone.swift */ = {isa = PBXFileReference; lastKnownFileType = sourcecode.swift; path = Zone.swift; sourceTree = "<group>"; };
		8E9A466623005A600037AEAB /* CursorViewTests.swift */ = {isa = PBXFileReference; lastKnownFileType = sourcecode.swift; path = CursorViewTests.swift; sourceTree = "<group>"; };
		8E9B8042228345B5008873BB /* Mark.swift */ = {isa = PBXFileReference; lastKnownFileType = sourcecode.swift; path = Mark.swift; sourceTree = "<group>"; };
		8E9B8044228347DE008873BB /* Region.swift */ = {isa = PBXFileReference; lastKnownFileType = sourcecode.swift; path = Region.swift; sourceTree = "<group>"; };
		8E9B804622834870008873BB /* Ladder.swift */ = {isa = PBXFileReference; lastKnownFileType = sourcecode.swift; path = Ladder.swift; sourceTree = "<group>"; };
		8EA444BF2476E471005B5452 /* LadderSelector.swift */ = {isa = PBXFileReference; lastKnownFileType = sourcecode.swift; path = LadderSelector.swift; sourceTree = "<group>"; };
		8EADC2A824D64E1200C5D3D8 /* SampleSelector.swift */ = {isa = PBXFileReference; lastKnownFileType = sourcecode.swift; path = SampleSelector.swift; sourceTree = "<group>"; };
		8EBC824024E5E04800B5CA29 /* UIImage+emptyImage.swift */ = {isa = PBXFileReference; lastKnownFileType = sourcecode.swift; path = "UIImage+emptyImage.swift"; sourceTree = "<group>"; };
		8EBC824224E6EBA700B5CA29 /* Sounds.swift */ = {isa = PBXFileReference; lastKnownFileType = sourcecode.swift; path = Sounds.swift; sourceTree = "<group>"; };
		8ECA9FB42470A07B0016D939 /* RegionTemplate.swift */ = {isa = PBXFileReference; lastKnownFileType = sourcecode.swift; path = RegionTemplate.swift; sourceTree = "<group>"; };
		8ECA9FB62470A1020016D939 /* LadderTemplate.swift */ = {isa = PBXFileReference; lastKnownFileType = sourcecode.swift; path = LadderTemplate.swift; sourceTree = "<group>"; };
		8ED3B1B52360DA0D00549381 /* Anchor.swift */ = {isa = PBXFileReference; lastKnownFileType = sourcecode.swift; path = Anchor.swift; sourceTree = "<group>"; };
		8EE311E524A8FE01003C7AF6 /* AudioToolbox.framework */ = {isa = PBXFileReference; lastKnownFileType = wrapper.framework; name = AudioToolbox.framework; path = Platforms/MacOSX.platform/Developer/SDKs/MacOSX10.15.sdk/System/Library/Frameworks/AudioToolbox.framework; sourceTree = DEVELOPER_DIR; };
		8EF8B5B62330739F00ADB77A /* ViewControllerTests.swift */ = {isa = PBXFileReference; lastKnownFileType = sourcecode.swift; path = ViewControllerTests.swift; sourceTree = "<group>"; };
		8EF9166A227926BC00B51F17 /* LadderView.swift */ = {isa = PBXFileReference; lastKnownFileType = sourcecode.swift; path = LadderView.swift; sourceTree = "<group>"; };
/* End PBXFileReference section */

/* Begin PBXFrameworksBuildPhase section */
		8E7D24BC22779DBD005A1729 /* Frameworks */ = {
			isa = PBXFrameworksBuildPhase;
			buildActionMask = 2147483647;
			files = (
				8E1276E124D4758B00AC4B8F /* WebKit.framework in Frameworks */,
				8EE311E624A8FE01003C7AF6 /* AudioToolbox.framework in Frameworks */,
			);
			runOnlyForDeploymentPostprocessing = 0;
		};
		8E7D24D022779DBF005A1729 /* Frameworks */ = {
			isa = PBXFrameworksBuildPhase;
			buildActionMask = 2147483647;
			files = (
			);
			runOnlyForDeploymentPostprocessing = 0;
		};
		8E7D24DB22779DBF005A1729 /* Frameworks */ = {
			isa = PBXFrameworksBuildPhase;
			buildActionMask = 2147483647;
			files = (
			);
			runOnlyForDeploymentPostprocessing = 0;
		};
/* End PBXFrameworksBuildPhase section */

/* Begin PBXGroup section */
		8E033CE624AC101400BE6D6F /* Protocols */ = {
			isa = PBXGroup;
			children = (
			);
			path = Protocols;
			sourceTree = "<group>";
		};
		8E1276D924D46BEF00AC4B8F /* Help */ = {
			isa = PBXGroup;
			children = (
				8E1276DC24D46F4200AC4B8F /* help.html */,
				8E1276DA24D46C2000AC4B8F /* help.org */,
			);
			path = Help;
			sourceTree = "<group>";
		};
		8E4ACA8724479C2500575538 /* ViewModels */ = {
			isa = PBXGroup;
			children = (
				8E4ACA8824479C5200575538 /* HamburgerViewModel.swift */,
			);
			path = ViewModels;
			sourceTree = "<group>";
		};
		8E6EB6BE2484707300E5F883 /* Extensions */ = {
			isa = PBXGroup;
			children = (
				8E856CF124EDC53D0064121F /* CGPoint+clampY.swift */,
				8E6EB6BF2484778E00E5F883 /* Notification+didUndoableAction.swift */,
				8E973F9A24C4BF0800AB41C3 /* String+isBlank.swift */,
				8EBC824024E5E04800B5CA29 /* UIImage+emptyImage.swift */,
			);
			path = Extensions;
			sourceTree = "<group>";
		};
		8E7214DC22E95C630062C094 /* Common */ = {
			isa = PBXGroup;
			children = (
				8E7214DD22E95C860062C094 /* Common.swift */,
				8E35924824BE9B27001E23D5 /* DiagramIO.swift */,
				8E9550BC2474B22000E1B125 /* FileIO.swift */,
				8E74D58F244FD55E00641E0A /* Logging.swift */,
				8EBC824224E6EBA700B5CA29 /* Sounds.swift */,
				8E253DD4244A8B17008CC56B /* Version.swift */,
			);
			path = Common;
			sourceTree = "<group>";
		};
		8E7D24B622779DBD005A1729 = {
			isa = PBXGroup;
			children = (
				8E7D24C122779DBD005A1729 /* EP Diagram */,
				8E7D24D622779DBF005A1729 /* EP DiagramTests */,
				8E7D24E122779DBF005A1729 /* EP DiagramUITests */,
				8E7D24C022779DBD005A1729 /* Products */,
				8EE311E424A8FE01003C7AF6 /* Frameworks */,
			);
			sourceTree = "<group>";
		};
		8E7D24C022779DBD005A1729 /* Products */ = {
			isa = PBXGroup;
			children = (
				8E7D24BF22779DBD005A1729 /* EP Diagram.app */,
				8E7D24D322779DBF005A1729 /* EP DiagramTests.xctest */,
				8E7D24DE22779DBF005A1729 /* EP DiagramUITests.xctest */,
			);
			name = Products;
			sourceTree = "<group>";
		};
		8E7D24C122779DBD005A1729 /* EP Diagram */ = {
			isa = PBXGroup;
			children = (
				8E7D24C222779DBD005A1729 /* AppDelegate.swift */,
				8E7D24C922779DBF005A1729 /* Assets.xcassets */,
				8E7214DC22E95C630062C094 /* Common */,
				8E689C4F23B498A10042A3F1 /* EP Diagram.entitlements */,
				8E6EB6BE2484707300E5F883 /* Extensions */,
				8E1276D924D46BEF00AC4B8F /* Help */,
				8E7D24CE22779DBF005A1729 /* Info.plist */,
				8E9B803F22834431008873BB /* Models */,
				8E033CE624AC101400BE6D6F /* Protocols */,
				8E9B8049228348F7008873BB /* Storyboards */,
				8EBC2B41246F718000CFC04D /* SwiftUI */,
				8E9B804C22834960008873BB /* ViewControllers */,
				8E4ACA8724479C2500575538 /* ViewModels */,
				8E9B804B22834944008873BB /* Views */,
			);
			path = "EP Diagram";
			sourceTree = "<group>";
		};
		8E7D24D622779DBF005A1729 /* EP DiagramTests */ = {
			isa = PBXGroup;
			children = (
				8E5918BD24AEAFE100D8ABA3 /* CaliperTests.swift */,
				8E25A9AE22E54F7200D62E18 /* CursorTests.swift */,
				8E9A466623005A600037AEAB /* CursorViewTests.swift */,
				8E973F9E24C4C93000AB41C3 /* DiagramTests.swift */,
				8E9550BE2474B69900E1B125 /* FileIOTests.swift */,
				8E6570FA24A99B8A001358F6 /* FileTests.swift */,
				8E7D24D922779DBF005A1729 /* Info.plist */,
				8E25A9B222E5515D00D62E18 /* LadderTests.swift */,
				8E25A9B022E5505200D62E18 /* LadderViewTests.swift */,
				8E7214DF22EB57FC0062C094 /* MarkTests.swift */,
				8E217D97245B306200CD0CBF /* MathTests.swift */,
				8E5D0ABC2464F2CD00FE78A2 /* RegionTests.swift */,
				8E973F9C24C4C71E00AB41C3 /* StringTests.swift */,
				8EF8B5B62330739F00ADB77A /* ViewControllerTests.swift */,
			);
			path = "EP DiagramTests";
			sourceTree = "<group>";
		};
		8E7D24E122779DBF005A1729 /* EP DiagramUITests */ = {
			isa = PBXGroup;
			children = (
				8E7D24E222779DBF005A1729 /* EP_DiagramUITests.swift */,
				8E7D24E422779DBF005A1729 /* Info.plist */,
			);
			path = "EP DiagramUITests";
			sourceTree = "<group>";
		};
		8E9B803F22834431008873BB /* Models */ = {
			isa = PBXGroup;
			children = (
				8ED3B1B52360DA0D00549381 /* Anchor.swift */,
				8E033CE924AC10A300BE6D6F /* Calibration.swift */,
				8E5918BB24AEAB0B00D8ABA3 /* Caliper.swift */,
				8E55612822A5FEDC00C4D391 /* Cursor.swift */,
				8E4A52EE24886B16007406F5 /* Diagram.swift */,
				8E4ACA852447935600575538 /* HamburgerLayer.swift */,
				8E2439F524B14F770044AEAB /* Interval.swift */,
				8E9B804622834870008873BB /* Ladder.swift */,
				8ECA9FB62470A1020016D939 /* LadderTemplate.swift */,
				8E3AD1362459CABF0085BDD4 /* LocationInLadder.swift */,
				8E9B8042228345B5008873BB /* Mark.swift */,
				8E15013624F2C7CF000CF90E /* Mode.swift */,
				8E7CCC2A248C30A300018D2C /* Preferences.swift */,
				8E9B8044228347DE008873BB /* Region.swift */,
				8ECA9FB42470A07B0016D939 /* RegionTemplate.swift */,
				8E856CF324EDC5E10064121F /* Segment.swift */,
				8E982F9224EAF8B500E94F71 /* Zone.swift */,
			);
			path = Models;
			sourceTree = "<group>";
		};
		8E9B8049228348F7008873BB /* Storyboards */ = {
			isa = PBXGroup;
			children = (
				8E7D24C622779DBD005A1729 /* Main.storyboard */,
				8E7D24CB22779DBF005A1729 /* LaunchScreen.storyboard */,
			);
			path = Storyboards;
			sourceTree = "<group>";
		};
		8E9B804B22834944008873BB /* Views */ = {
			isa = PBXGroup;
			children = (
				8E4ACA7F24478A6E00575538 /* BlackView.swift */,
				8E01D9C622849047000F36FC /* CursorView.swift */,
				8E4ACA832447905E00575538 /* HamburgerCell.swift */,
				8E7D24F02277A00C005A1729 /* ImageView.swift */,
				8EF9166A227926BC00B51F17 /* LadderView.swift */,
				8E74D58D244FBE2500641E0A /* LadderView+UIContextMenuInteractionDelegate.swift */,
				8E1B6CB7240CAE5300EA88A6 /* ScaledView.swift */,
				8E8248DC23B53B55001A85F9 /* SeparatorView.swift */,
			);
			path = Views;
			sourceTree = "<group>";
		};
		8E9B804C22834960008873BB /* ViewControllers */ = {
			isa = PBXGroup;
			children = (
				8E4ACA8124478D7C00575538 /* HamburgerTableViewController.swift */,
				8E1276DE24D4734E00AC4B8F /* HelpViewController.swift */,
				8E7D24C422779DBD005A1729 /* ViewController.swift */,
				8E253DD0244A86CB008CC56B /* ViewController+HamburgerTableDelegate.swift */,
				8E253DD2244A8799008CC56B /* ViewController+UIScrollViewDelegate.swift */,
				8E6EB6C1248477D500E5F883 /* ViewController+ViewControllerDelegate.swift */,
			);
			path = ViewControllers;
			sourceTree = "<group>";
		};
		8EBC2B41246F718000CFC04D /* SwiftUI */ = {
			isa = PBXGroup;
			children = (
				8E7CCC28248C1A9C00018D2C /* DiagramSelector.swift */,
				8E6A0297246DFB3700A10C9F /* LadderEditor.swift */,
				8EA444BF2476E471005B5452 /* LadderSelector.swift */,
				8E671D5124814BB700784EB7 /* LadderTemplatesEditor.swift */,
				8E2BA1CF24A3BDD7002D997F /* PreferencesView.swift */,
				8EADC2A824D64E1200C5D3D8 /* SampleSelector.swift */,
			);
			path = SwiftUI;
			sourceTree = "<group>";
		};
		8EE311E424A8FE01003C7AF6 /* Frameworks */ = {
			isa = PBXGroup;
			children = (
				8E1276E024D4758A00AC4B8F /* WebKit.framework */,
				8EE311E524A8FE01003C7AF6 /* AudioToolbox.framework */,
			);
			name = Frameworks;
			sourceTree = "<group>";
		};
/* End PBXGroup section */

/* Begin PBXNativeTarget section */
		8E7D24BE22779DBD005A1729 /* EP Diagram */ = {
			isa = PBXNativeTarget;
			buildConfigurationList = 8E7D24E722779DBF005A1729 /* Build configuration list for PBXNativeTarget "EP Diagram" */;
			buildPhases = (
				8E7D24BB22779DBD005A1729 /* Sources */,
				8E7D24BC22779DBD005A1729 /* Frameworks */,
				8E7D24BD22779DBD005A1729 /* Resources */,
			);
			buildRules = (
			);
			dependencies = (
			);
			name = "EP Diagram";
			productName = "EP Diagram";
			productReference = 8E7D24BF22779DBD005A1729 /* EP Diagram.app */;
			productType = "com.apple.product-type.application";
		};
		8E7D24D222779DBF005A1729 /* EP DiagramTests */ = {
			isa = PBXNativeTarget;
			buildConfigurationList = 8E7D24EA22779DBF005A1729 /* Build configuration list for PBXNativeTarget "EP DiagramTests" */;
			buildPhases = (
				8E7D24CF22779DBF005A1729 /* Sources */,
				8E7D24D022779DBF005A1729 /* Frameworks */,
				8E7D24D122779DBF005A1729 /* Resources */,
			);
			buildRules = (
			);
			dependencies = (
				8E7D24D522779DBF005A1729 /* PBXTargetDependency */,
			);
			name = "EP DiagramTests";
			productName = "EP DiagramTests";
			productReference = 8E7D24D322779DBF005A1729 /* EP DiagramTests.xctest */;
			productType = "com.apple.product-type.bundle.unit-test";
		};
		8E7D24DD22779DBF005A1729 /* EP DiagramUITests */ = {
			isa = PBXNativeTarget;
			buildConfigurationList = 8E7D24ED22779DBF005A1729 /* Build configuration list for PBXNativeTarget "EP DiagramUITests" */;
			buildPhases = (
				8E7D24DA22779DBF005A1729 /* Sources */,
				8E7D24DB22779DBF005A1729 /* Frameworks */,
				8E7D24DC22779DBF005A1729 /* Resources */,
			);
			buildRules = (
			);
			dependencies = (
				8E7D24E022779DBF005A1729 /* PBXTargetDependency */,
			);
			name = "EP DiagramUITests";
			productName = "EP DiagramUITests";
			productReference = 8E7D24DE22779DBF005A1729 /* EP DiagramUITests.xctest */;
			productType = "com.apple.product-type.bundle.ui-testing";
		};
/* End PBXNativeTarget section */

/* Begin PBXProject section */
		8E7D24B722779DBD005A1729 /* Project object */ = {
			isa = PBXProject;
			attributes = {
				LastSwiftUpdateCheck = 1020;
				LastUpgradeCheck = 1020;
				ORGANIZATIONNAME = "EP Studios";
				TargetAttributes = {
					8E7D24BE22779DBD005A1729 = {
						CreatedOnToolsVersion = 10.2.1;
					};
					8E7D24D222779DBF005A1729 = {
						CreatedOnToolsVersion = 10.2.1;
						TestTargetID = 8E7D24BE22779DBD005A1729;
					};
					8E7D24DD22779DBF005A1729 = {
						CreatedOnToolsVersion = 10.2.1;
						TestTargetID = 8E7D24BE22779DBD005A1729;
					};
				};
			};
			buildConfigurationList = 8E7D24BA22779DBD005A1729 /* Build configuration list for PBXProject "EP Diagram" */;
			compatibilityVersion = "Xcode 9.3";
			developmentRegion = en;
			hasScannedForEncodings = 0;
			knownRegions = (
				en,
				Base,
			);
			mainGroup = 8E7D24B622779DBD005A1729;
			productRefGroup = 8E7D24C022779DBD005A1729 /* Products */;
			projectDirPath = "";
			projectRoot = "";
			targets = (
				8E7D24BE22779DBD005A1729 /* EP Diagram */,
				8E7D24D222779DBF005A1729 /* EP DiagramTests */,
				8E7D24DD22779DBF005A1729 /* EP DiagramUITests */,
			);
		};
/* End PBXProject section */

/* Begin PBXResourcesBuildPhase section */
		8E7D24BD22779DBD005A1729 /* Resources */ = {
			isa = PBXResourcesBuildPhase;
			buildActionMask = 2147483647;
			files = (
				8E7D24CD22779DBF005A1729 /* LaunchScreen.storyboard in Resources */,
				8E1276DD24D46F4200AC4B8F /* help.html in Resources */,
				8E7D24CA22779DBF005A1729 /* Assets.xcassets in Resources */,
				8E7D24C822779DBD005A1729 /* Main.storyboard in Resources */,
				8E1276DB24D46C2000AC4B8F /* help.org in Resources */,
			);
			runOnlyForDeploymentPostprocessing = 0;
		};
		8E7D24D122779DBF005A1729 /* Resources */ = {
			isa = PBXResourcesBuildPhase;
			buildActionMask = 2147483647;
			files = (
			);
			runOnlyForDeploymentPostprocessing = 0;
		};
		8E7D24DC22779DBF005A1729 /* Resources */ = {
			isa = PBXResourcesBuildPhase;
			buildActionMask = 2147483647;
			files = (
			);
			runOnlyForDeploymentPostprocessing = 0;
		};
/* End PBXResourcesBuildPhase section */

/* Begin PBXSourcesBuildPhase section */
		8E7D24BB22779DBD005A1729 /* Sources */ = {
			isa = PBXSourcesBuildPhase;
			buildActionMask = 2147483647;
			files = (
				8ECA9FB52470A07B0016D939 /* RegionTemplate.swift in Sources */,
				8E4ACA8924479C5200575538 /* HamburgerViewModel.swift in Sources */,
				8E74D590244FD55E00641E0A /* Logging.swift in Sources */,
				8E253DD3244A8799008CC56B /* ViewController+UIScrollViewDelegate.swift in Sources */,
				8E6EB6C02484778E00E5F883 /* Notification+didUndoableAction.swift in Sources */,
				8E9550BD2474B22000E1B125 /* FileIO.swift in Sources */,
				8E856CF224EDC53D0064121F /* CGPoint+clampY.swift in Sources */,
				8E973F9B24C4BF0800AB41C3 /* String+isBlank.swift in Sources */,
				8EADC2A924D64E1200C5D3D8 /* SampleSelector.swift in Sources */,
				8E1276DF24D4734E00AC4B8F /* HelpViewController.swift in Sources */,
				8E7D24F12277A00C005A1729 /* ImageView.swift in Sources */,
				8E7D24C522779DBD005A1729 /* ViewController.swift in Sources */,
				8E3AD1372459CABF0085BDD4 /* LocationInLadder.swift in Sources */,
				8E15013724F2C7CF000CF90E /* Mode.swift in Sources */,
				8E253DD5244A8B17008CC56B /* Version.swift in Sources */,
				8E6EB6C2248477D500E5F883 /* ViewController+ViewControllerDelegate.swift in Sources */,
				8E4A52EF24886B16007406F5 /* Diagram.swift in Sources */,
				8E6A0298246DFB3700A10C9F /* LadderEditor.swift in Sources */,
				8E2BA1D024A3BDD7002D997F /* PreferencesView.swift in Sources */,
				8E1B6CB8240CAE5300EA88A6 /* ScaledView.swift in Sources */,
				8E8248DD23B53B55001A85F9 /* SeparatorView.swift in Sources */,
				8E671D5224814BB700784EB7 /* LadderTemplatesEditor.swift in Sources */,
				8E7214DE22E95C860062C094 /* Common.swift in Sources */,
				8E9B8043228345B5008873BB /* Mark.swift in Sources */,
				8E4ACA8224478D7C00575538 /* HamburgerTableViewController.swift in Sources */,
				8E9B804722834870008873BB /* Ladder.swift in Sources */,
				8E55612922A5FEDC00C4D391 /* Cursor.swift in Sources */,
				8E253DD1244A86CB008CC56B /* ViewController+HamburgerTableDelegate.swift in Sources */,
				8E7CCC2B248C30A300018D2C /* Preferences.swift in Sources */,
				8E4ACA8024478A6E00575538 /* BlackView.swift in Sources */,
				8ED3B1B62360DA0D00549381 /* Anchor.swift in Sources */,
				8E4ACA842447905E00575538 /* HamburgerCell.swift in Sources */,
				8E4ACA862447935600575538 /* HamburgerLayer.swift in Sources */,
				8EF9166B227926BC00B51F17 /* LadderView.swift in Sources */,
				8E2439F624B14F770044AEAB /* Interval.swift in Sources */,
				8ECA9FB72470A1020016D939 /* LadderTemplate.swift in Sources */,
				8E01D9C722849047000F36FC /* CursorView.swift in Sources */,
				8EA444C02476E471005B5452 /* LadderSelector.swift in Sources */,
				8E5918BC24AEAB0B00D8ABA3 /* Caliper.swift in Sources */,
				8EBC824124E5E04800B5CA29 /* UIImage+emptyImage.swift in Sources */,
				8E74D58E244FBE2500641E0A /* LadderView+UIContextMenuInteractionDelegate.swift in Sources */,
				8E982F9324EAF8B500E94F71 /* Zone.swift in Sources */,
				8E033CEA24AC10A300BE6D6F /* Calibration.swift in Sources */,
				8E9B8045228347DE008873BB /* Region.swift in Sources */,
				8E856CF424EDC5E10064121F /* Segment.swift in Sources */,
				8E7CCC29248C1A9C00018D2C /* DiagramSelector.swift in Sources */,
				8EBC824324E6EBA700B5CA29 /* Sounds.swift in Sources */,
				8E7D24C322779DBD005A1729 /* AppDelegate.swift in Sources */,
				8E35924924BE9B27001E23D5 /* DiagramIO.swift in Sources */,
			);
			runOnlyForDeploymentPostprocessing = 0;
		};
		8E7D24CF22779DBF005A1729 /* Sources */ = {
			isa = PBXSourcesBuildPhase;
			buildActionMask = 2147483647;
			files = (
				8EF8B5B72330739F00ADB77A /* ViewControllerTests.swift in Sources */,
				8E6570FB24A99B8A001358F6 /* FileTests.swift in Sources */,
				8E7214E022EB57FC0062C094 /* MarkTests.swift in Sources */,
				8E25A9B122E5505200D62E18 /* LadderViewTests.swift in Sources */,
				8E5D0ABD2464F2CD00FE78A2 /* RegionTests.swift in Sources */,
				8E973F9F24C4C93000AB41C3 /* DiagramTests.swift in Sources */,
				8E5918BE24AEAFE100D8ABA3 /* CaliperTests.swift in Sources */,
				8E9550BF2474B69900E1B125 /* FileIOTests.swift in Sources */,
				8E25A9AF22E54F7200D62E18 /* CursorTests.swift in Sources */,
				8E9A466723005A600037AEAB /* CursorViewTests.swift in Sources */,
				8E25A9B322E5515D00D62E18 /* LadderTests.swift in Sources */,
				8E973F9D24C4C71E00AB41C3 /* StringTests.swift in Sources */,
				8E217D98245B306200CD0CBF /* MathTests.swift in Sources */,
			);
			runOnlyForDeploymentPostprocessing = 0;
		};
		8E7D24DA22779DBF005A1729 /* Sources */ = {
			isa = PBXSourcesBuildPhase;
			buildActionMask = 2147483647;
			files = (
				8E7D24E322779DBF005A1729 /* EP_DiagramUITests.swift in Sources */,
			);
			runOnlyForDeploymentPostprocessing = 0;
		};
/* End PBXSourcesBuildPhase section */

/* Begin PBXTargetDependency section */
		8E7D24D522779DBF005A1729 /* PBXTargetDependency */ = {
			isa = PBXTargetDependency;
			target = 8E7D24BE22779DBD005A1729 /* EP Diagram */;
			targetProxy = 8E7D24D422779DBF005A1729 /* PBXContainerItemProxy */;
		};
		8E7D24E022779DBF005A1729 /* PBXTargetDependency */ = {
			isa = PBXTargetDependency;
			target = 8E7D24BE22779DBD005A1729 /* EP Diagram */;
			targetProxy = 8E7D24DF22779DBF005A1729 /* PBXContainerItemProxy */;
		};
/* End PBXTargetDependency section */

/* Begin PBXVariantGroup section */
		8E7D24C622779DBD005A1729 /* Main.storyboard */ = {
			isa = PBXVariantGroup;
			children = (
				8E7D24C722779DBD005A1729 /* Base */,
			);
			name = Main.storyboard;
			sourceTree = "<group>";
		};
		8E7D24CB22779DBF005A1729 /* LaunchScreen.storyboard */ = {
			isa = PBXVariantGroup;
			children = (
				8E7D24CC22779DBF005A1729 /* Base */,
			);
			name = LaunchScreen.storyboard;
			sourceTree = "<group>";
		};
/* End PBXVariantGroup section */

/* Begin XCBuildConfiguration section */
		8E7D24E522779DBF005A1729 /* Debug */ = {
			isa = XCBuildConfiguration;
			buildSettings = {
				ALWAYS_SEARCH_USER_PATHS = NO;
				CLANG_ANALYZER_NONNULL = YES;
				CLANG_ANALYZER_NUMBER_OBJECT_CONVERSION = YES_AGGRESSIVE;
				CLANG_CXX_LANGUAGE_STANDARD = "gnu++14";
				CLANG_CXX_LIBRARY = "libc++";
				CLANG_ENABLE_MODULES = YES;
				CLANG_ENABLE_OBJC_ARC = YES;
				CLANG_ENABLE_OBJC_WEAK = YES;
				CLANG_WARN_BLOCK_CAPTURE_AUTORELEASING = YES;
				CLANG_WARN_BOOL_CONVERSION = YES;
				CLANG_WARN_COMMA = YES;
				CLANG_WARN_CONSTANT_CONVERSION = YES;
				CLANG_WARN_DEPRECATED_OBJC_IMPLEMENTATIONS = YES;
				CLANG_WARN_DIRECT_OBJC_ISA_USAGE = YES_ERROR;
				CLANG_WARN_DOCUMENTATION_COMMENTS = YES;
				CLANG_WARN_EMPTY_BODY = YES;
				CLANG_WARN_ENUM_CONVERSION = YES;
				CLANG_WARN_INFINITE_RECURSION = YES;
				CLANG_WARN_INT_CONVERSION = YES;
				CLANG_WARN_NON_LITERAL_NULL_CONVERSION = YES;
				CLANG_WARN_OBJC_IMPLICIT_RETAIN_SELF = YES;
				CLANG_WARN_OBJC_LITERAL_CONVERSION = YES;
				CLANG_WARN_OBJC_ROOT_CLASS = YES_ERROR;
				CLANG_WARN_RANGE_LOOP_ANALYSIS = YES;
				CLANG_WARN_STRICT_PROTOTYPES = YES;
				CLANG_WARN_SUSPICIOUS_MOVE = YES;
				CLANG_WARN_UNGUARDED_AVAILABILITY = YES_AGGRESSIVE;
				CLANG_WARN_UNREACHABLE_CODE = YES;
				CLANG_WARN__DUPLICATE_METHOD_MATCH = YES;
				CODE_SIGN_IDENTITY = "iPhone Developer";
				COPY_PHASE_STRIP = NO;
				DEBUG_INFORMATION_FORMAT = dwarf;
				ENABLE_STRICT_OBJC_MSGSEND = YES;
				ENABLE_TESTABILITY = YES;
				GCC_C_LANGUAGE_STANDARD = gnu11;
				GCC_DYNAMIC_NO_PIC = NO;
				GCC_NO_COMMON_BLOCKS = YES;
				GCC_OPTIMIZATION_LEVEL = 0;
				GCC_PREPROCESSOR_DEFINITIONS = (
					"DEBUG=1",
					"$(inherited)",
				);
				GCC_WARN_64_TO_32_BIT_CONVERSION = YES;
				GCC_WARN_ABOUT_RETURN_TYPE = YES_ERROR;
				GCC_WARN_UNDECLARED_SELECTOR = YES;
				GCC_WARN_UNINITIALIZED_AUTOS = YES_AGGRESSIVE;
				GCC_WARN_UNUSED_FUNCTION = YES;
				GCC_WARN_UNUSED_VARIABLE = YES;
				IPHONEOS_DEPLOYMENT_TARGET = 13.0;
				MTL_ENABLE_DEBUG_INFO = INCLUDE_SOURCE;
				MTL_FAST_MATH = YES;
				ONLY_ACTIVE_ARCH = YES;
				SDKROOT = iphoneos;
				SWIFT_ACTIVE_COMPILATION_CONDITIONS = DEBUG;
				SWIFT_OPTIMIZATION_LEVEL = "-Onone";
			};
			name = Debug;
		};
		8E7D24E622779DBF005A1729 /* Release */ = {
			isa = XCBuildConfiguration;
			buildSettings = {
				ALWAYS_SEARCH_USER_PATHS = NO;
				CLANG_ANALYZER_NONNULL = YES;
				CLANG_ANALYZER_NUMBER_OBJECT_CONVERSION = YES_AGGRESSIVE;
				CLANG_CXX_LANGUAGE_STANDARD = "gnu++14";
				CLANG_CXX_LIBRARY = "libc++";
				CLANG_ENABLE_MODULES = YES;
				CLANG_ENABLE_OBJC_ARC = YES;
				CLANG_ENABLE_OBJC_WEAK = YES;
				CLANG_WARN_BLOCK_CAPTURE_AUTORELEASING = YES;
				CLANG_WARN_BOOL_CONVERSION = YES;
				CLANG_WARN_COMMA = YES;
				CLANG_WARN_CONSTANT_CONVERSION = YES;
				CLANG_WARN_DEPRECATED_OBJC_IMPLEMENTATIONS = YES;
				CLANG_WARN_DIRECT_OBJC_ISA_USAGE = YES_ERROR;
				CLANG_WARN_DOCUMENTATION_COMMENTS = YES;
				CLANG_WARN_EMPTY_BODY = YES;
				CLANG_WARN_ENUM_CONVERSION = YES;
				CLANG_WARN_INFINITE_RECURSION = YES;
				CLANG_WARN_INT_CONVERSION = YES;
				CLANG_WARN_NON_LITERAL_NULL_CONVERSION = YES;
				CLANG_WARN_OBJC_IMPLICIT_RETAIN_SELF = YES;
				CLANG_WARN_OBJC_LITERAL_CONVERSION = YES;
				CLANG_WARN_OBJC_ROOT_CLASS = YES_ERROR;
				CLANG_WARN_RANGE_LOOP_ANALYSIS = YES;
				CLANG_WARN_STRICT_PROTOTYPES = YES;
				CLANG_WARN_SUSPICIOUS_MOVE = YES;
				CLANG_WARN_UNGUARDED_AVAILABILITY = YES_AGGRESSIVE;
				CLANG_WARN_UNREACHABLE_CODE = YES;
				CLANG_WARN__DUPLICATE_METHOD_MATCH = YES;
				CODE_SIGN_IDENTITY = "iPhone Developer";
				COPY_PHASE_STRIP = NO;
				DEBUG_INFORMATION_FORMAT = "dwarf-with-dsym";
				ENABLE_NS_ASSERTIONS = NO;
				ENABLE_STRICT_OBJC_MSGSEND = YES;
				GCC_C_LANGUAGE_STANDARD = gnu11;
				GCC_NO_COMMON_BLOCKS = YES;
				GCC_WARN_64_TO_32_BIT_CONVERSION = YES;
				GCC_WARN_ABOUT_RETURN_TYPE = YES_ERROR;
				GCC_WARN_UNDECLARED_SELECTOR = YES;
				GCC_WARN_UNINITIALIZED_AUTOS = YES_AGGRESSIVE;
				GCC_WARN_UNUSED_FUNCTION = YES;
				GCC_WARN_UNUSED_VARIABLE = YES;
				IPHONEOS_DEPLOYMENT_TARGET = 13.0;
				MTL_ENABLE_DEBUG_INFO = NO;
				MTL_FAST_MATH = YES;
				SDKROOT = iphoneos;
				SWIFT_COMPILATION_MODE = wholemodule;
				SWIFT_OPTIMIZATION_LEVEL = "-O";
				VALIDATE_PRODUCT = YES;
			};
			name = Release;
		};
		8E7D24E822779DBF005A1729 /* Debug */ = {
			isa = XCBuildConfiguration;
			buildSettings = {
				ASSETCATALOG_COMPILER_APPICON_NAME = AppIcon;
				CODE_SIGN_ENTITLEMENTS = "EP Diagram/EP Diagram.entitlements";
				CODE_SIGN_STYLE = Automatic;
				DERIVE_MACCATALYST_PRODUCT_BUNDLE_IDENTIFIER = YES;
				DEVELOPMENT_TEAM = W74NPJXYEG;
				INFOPLIST_FILE = "EP Diagram/Info.plist";
				IPHONEOS_DEPLOYMENT_TARGET = 13.0;
				LD_RUNPATH_SEARCH_PATHS = (
					"$(inherited)",
					"@executable_path/Frameworks",
				);
				PRODUCT_BUNDLE_IDENTIFIER = "org.epstudios.EP-Diagram";
				PRODUCT_NAME = "$(TARGET_NAME)";
				SUPPORTS_MACCATALYST = YES;
				SWIFT_VERSION = 5.0;
				TARGETED_DEVICE_FAMILY = "1,2";
			};
			name = Debug;
		};
		8E7D24E922779DBF005A1729 /* Release */ = {
			isa = XCBuildConfiguration;
			buildSettings = {
				ASSETCATALOG_COMPILER_APPICON_NAME = AppIcon;
				CODE_SIGN_ENTITLEMENTS = "EP Diagram/EP Diagram.entitlements";
				CODE_SIGN_STYLE = Automatic;
				DERIVE_MACCATALYST_PRODUCT_BUNDLE_IDENTIFIER = YES;
				DEVELOPMENT_TEAM = W74NPJXYEG;
				INFOPLIST_FILE = "EP Diagram/Info.plist";
				IPHONEOS_DEPLOYMENT_TARGET = 13.0;
				LD_RUNPATH_SEARCH_PATHS = (
					"$(inherited)",
					"@executable_path/Frameworks",
				);
				PRODUCT_BUNDLE_IDENTIFIER = "org.epstudios.EP-Diagram";
				PRODUCT_NAME = "$(TARGET_NAME)";
				SUPPORTS_MACCATALYST = YES;
				SWIFT_VERSION = 5.0;
				TARGETED_DEVICE_FAMILY = "1,2";
			};
			name = Release;
		};
		8E7D24EB22779DBF005A1729 /* Debug */ = {
			isa = XCBuildConfiguration;
			buildSettings = {
				ALWAYS_EMBED_SWIFT_STANDARD_LIBRARIES = YES;
				BUNDLE_LOADER = "$(TEST_HOST)";
				CODE_SIGN_STYLE = Automatic;
				DEVELOPMENT_TEAM = W74NPJXYEG;
				INFOPLIST_FILE = "EP DiagramTests/Info.plist";
				LD_RUNPATH_SEARCH_PATHS = (
					"$(inherited)",
					"@executable_path/Frameworks",
					"@loader_path/Frameworks",
				);
				PRODUCT_BUNDLE_IDENTIFIER = "org.epstudios.EP-DiagramTests";
				PRODUCT_NAME = "$(TARGET_NAME)";
				SWIFT_VERSION = 5.0;
				TARGETED_DEVICE_FAMILY = "1,2";
				TEST_HOST = "$(BUILT_PRODUCTS_DIR)/EP Diagram.app/EP Diagram";
			};
			name = Debug;
		};
		8E7D24EC22779DBF005A1729 /* Release */ = {
			isa = XCBuildConfiguration;
			buildSettings = {
				ALWAYS_EMBED_SWIFT_STANDARD_LIBRARIES = YES;
				BUNDLE_LOADER = "$(TEST_HOST)";
				CODE_SIGN_STYLE = Automatic;
				DEVELOPMENT_TEAM = W74NPJXYEG;
				INFOPLIST_FILE = "EP DiagramTests/Info.plist";
				LD_RUNPATH_SEARCH_PATHS = (
					"$(inherited)",
					"@executable_path/Frameworks",
					"@loader_path/Frameworks",
				);
				PRODUCT_BUNDLE_IDENTIFIER = "org.epstudios.EP-DiagramTests";
				PRODUCT_NAME = "$(TARGET_NAME)";
				SWIFT_VERSION = 5.0;
				TARGETED_DEVICE_FAMILY = "1,2";
				TEST_HOST = "$(BUILT_PRODUCTS_DIR)/EP Diagram.app/EP Diagram";
			};
			name = Release;
		};
		8E7D24EE22779DBF005A1729 /* Debug */ = {
			isa = XCBuildConfiguration;
			buildSettings = {
				ALWAYS_EMBED_SWIFT_STANDARD_LIBRARIES = YES;
				CODE_SIGN_STYLE = Automatic;
				DEVELOPMENT_TEAM = W74NPJXYEG;
				INFOPLIST_FILE = "EP DiagramUITests/Info.plist";
				LD_RUNPATH_SEARCH_PATHS = (
					"$(inherited)",
					"@executable_path/Frameworks",
					"@loader_path/Frameworks",
				);
				PRODUCT_BUNDLE_IDENTIFIER = "org.epstudios.EP-DiagramUITests";
				PRODUCT_NAME = "$(TARGET_NAME)";
				SWIFT_VERSION = 5.0;
				TARGETED_DEVICE_FAMILY = "1,2";
				TEST_TARGET_NAME = "EP Diagram";
			};
			name = Debug;
		};
		8E7D24EF22779DBF005A1729 /* Release */ = {
			isa = XCBuildConfiguration;
			buildSettings = {
				ALWAYS_EMBED_SWIFT_STANDARD_LIBRARIES = YES;
				CODE_SIGN_STYLE = Automatic;
				DEVELOPMENT_TEAM = W74NPJXYEG;
				INFOPLIST_FILE = "EP DiagramUITests/Info.plist";
				LD_RUNPATH_SEARCH_PATHS = (
					"$(inherited)",
					"@executable_path/Frameworks",
					"@loader_path/Frameworks",
				);
				PRODUCT_BUNDLE_IDENTIFIER = "org.epstudios.EP-DiagramUITests";
				PRODUCT_NAME = "$(TARGET_NAME)";
				SWIFT_VERSION = 5.0;
				TARGETED_DEVICE_FAMILY = "1,2";
				TEST_TARGET_NAME = "EP Diagram";
			};
			name = Release;
		};
/* End XCBuildConfiguration section */

/* Begin XCConfigurationList section */
		8E7D24BA22779DBD005A1729 /* Build configuration list for PBXProject "EP Diagram" */ = {
			isa = XCConfigurationList;
			buildConfigurations = (
				8E7D24E522779DBF005A1729 /* Debug */,
				8E7D24E622779DBF005A1729 /* Release */,
			);
			defaultConfigurationIsVisible = 0;
			defaultConfigurationName = Release;
		};
		8E7D24E722779DBF005A1729 /* Build configuration list for PBXNativeTarget "EP Diagram" */ = {
			isa = XCConfigurationList;
			buildConfigurations = (
				8E7D24E822779DBF005A1729 /* Debug */,
				8E7D24E922779DBF005A1729 /* Release */,
			);
			defaultConfigurationIsVisible = 0;
			defaultConfigurationName = Release;
		};
		8E7D24EA22779DBF005A1729 /* Build configuration list for PBXNativeTarget "EP DiagramTests" */ = {
			isa = XCConfigurationList;
			buildConfigurations = (
				8E7D24EB22779DBF005A1729 /* Debug */,
				8E7D24EC22779DBF005A1729 /* Release */,
			);
			defaultConfigurationIsVisible = 0;
			defaultConfigurationName = Release;
		};
		8E7D24ED22779DBF005A1729 /* Build configuration list for PBXNativeTarget "EP DiagramUITests" */ = {
			isa = XCConfigurationList;
			buildConfigurations = (
				8E7D24EE22779DBF005A1729 /* Debug */,
				8E7D24EF22779DBF005A1729 /* Release */,
			);
			defaultConfigurationIsVisible = 0;
			defaultConfigurationName = Release;
		};
/* End XCConfigurationList section */
	};
	rootObject = 8E7D24B722779DBD005A1729 /* Project object */;
}
