{
  "originHash" : "eb2b20f9cc77e3d6e3e5c206fdbaae6051c82d10306e97608504c5ac1bb72f00",
  "pins" : [
    {
      "identity" : "bettercodable",
      "kind" : "remoteSourceControl",
      "location" : "https://github.com/marksands/BetterCodable",
      "state" : {
        "revision" : "61153170668db7a46a20a87e35e70f80b24d4eb5",
        "version" : "0.4.0"
      }
    },
    {
      "identity" : "dynamic",
      "kind" : "remoteSourceControl",
      "location" : "https://github.com/mhdhejazi/Dynamic.git",
      "state" : {
        "revision" : "ab9a2570862d54aed2663691bb767f881226a12f",
        "version" : "1.2.0"
      }
    }
  ],
  "version" : 3
}
